// !$*UTF8*$!
{
	archiveVersion = 1;
	classes = {
	};
	objectVersion = 56;
	objects = {

/* Begin PBXBuildFile section */
		B93227092BDAB03500916A53 /* Managers.swift in Sources */ = {isa = PBXBuildFile; fileRef = B93227082BDAB03500916A53 /* Managers.swift */; };
		B932270B2BDAB09100916A53 /* AppDetailViewModel.swift in Sources */ = {isa = PBXBuildFile; fileRef = B932270A2BDAB09100916A53 /* AppDetailViewModel.swift */; };
		B93227112BDCB99D00916A53 /* ReviewViewModel.swift in Sources */ = {isa = PBXBuildFile; fileRef = B93227102BDCB99D00916A53 /* ReviewViewModel.swift */; };
		B93227132BDCB9CB00916A53 /* AppStoreViewModel.swift in Sources */ = {isa = PBXBuildFile; fileRef = B93227122BDCB9CB00916A53 /* AppStoreViewModel.swift */; };
		B9A194702BCEBFC3003B4BDE /* AppStoreMockInterviewApp.swift in Sources */ = {isa = PBXBuildFile; fileRef = B9A1946F2BCEBFC3003B4BDE /* AppStoreMockInterviewApp.swift */; };
		B9A194722BCEBFC3003B4BDE /* AppStoreMainView.swift in Sources */ = {isa = PBXBuildFile; fileRef = B9A194712BCEBFC3003B4BDE /* AppStoreMainView.swift */; };
		B9A194762BCEBFC5003B4BDE /* Assets.xcassets in Resources */ = {isa = PBXBuildFile; fileRef = B9A194752BCEBFC5003B4BDE /* Assets.xcassets */; };
		B9A194792BCEBFC5003B4BDE /* Preview Assets.xcassets in Resources */ = {isa = PBXBuildFile; fileRef = B9A194782BCEBFC5003B4BDE /* Preview Assets.xcassets */; };
		B9A194812BD007C7003B4BDE /* Model.swift in Sources */ = {isa = PBXBuildFile; fileRef = B9A194802BD007C7003B4BDE /* Model.swift */; };
		B9A194842BD01C50003B4BDE /* Extensions.swift in Sources */ = {isa = PBXBuildFile; fileRef = B9A194832BD01C50003B4BDE /* Extensions.swift */; };
		B9A1948B2BD02131003B4BDE /* AppDetailView.swift in Sources */ = {isa = PBXBuildFile; fileRef = B9A1948A2BD02131003B4BDE /* AppDetailView.swift */; };
		B9C078492BD183CD0021B4A5 /* PhotoDetails.swift in Sources */ = {isa = PBXBuildFile; fileRef = B9C078482BD183CD0021B4A5 /* PhotoDetails.swift */; };
		B9C0784B2BD21E2C0021B4A5 /* ActivityIndicatioLoading.swift in Sources */ = {isa = PBXBuildFile; fileRef = B9C0784A2BD21E2C0021B4A5 /* ActivityIndicatioLoading.swift */; };
		B9C0784D2BD39E280021B4A5 /* ReviewView.swift in Sources */ = {isa = PBXBuildFile; fileRef = B9C0784C2BD39E280021B4A5 /* ReviewView.swift */; };
		B9C0784F2BD41D350021B4A5 /* ReviewResults.swift in Sources */ = {isa = PBXBuildFile; fileRef = B9C0784E2BD41D350021B4A5 /* ReviewResults.swift */; };
/* End PBXBuildFile section */

/* Begin PBXFileReference section */
		B93227082BDAB03500916A53 /* Managers.swift */ = {isa = PBXFileReference; lastKnownFileType = sourcecode.swift; path = Managers.swift; sourceTree = "<group>"; };
		B932270A2BDAB09100916A53 /* AppDetailViewModel.swift */ = {isa = PBXFileReference; lastKnownFileType = sourcecode.swift; path = AppDetailViewModel.swift; sourceTree = "<group>"; };
		B93227102BDCB99D00916A53 /* ReviewViewModel.swift */ = {isa = PBXFileReference; lastKnownFileType = sourcecode.swift; path = ReviewViewModel.swift; sourceTree = "<group>"; };
		B93227122BDCB9CB00916A53 /* AppStoreViewModel.swift */ = {isa = PBXFileReference; lastKnownFileType = sourcecode.swift; path = AppStoreViewModel.swift; sourceTree = "<group>"; };
		B9A1946C2BCEBFC3003B4BDE /* AppStoreMockApp.app */ = {isa = PBXFileReference; explicitFileType = wrapper.application; includeInIndex = 0; path = AppStoreMockApp.app; sourceTree = BUILT_PRODUCTS_DIR; };
		B9A1946F2BCEBFC3003B4BDE /* AppStoreMockInterviewApp.swift */ = {isa = PBXFileReference; lastKnownFileType = sourcecode.swift; path = AppStoreMockInterviewApp.swift; sourceTree = "<group>"; };
		B9A194712BCEBFC3003B4BDE /* AppStoreMainView.swift */ = {isa = PBXFileReference; lastKnownFileType = sourcecode.swift; path = AppStoreMainView.swift; sourceTree = "<group>"; };
		B9A194752BCEBFC5003B4BDE /* Assets.xcassets */ = {isa = PBXFileReference; lastKnownFileType = folder.assetcatalog; path = Assets.xcassets; sourceTree = "<group>"; };
		B9A194782BCEBFC5003B4BDE /* Preview Assets.xcassets */ = {isa = PBXFileReference; lastKnownFileType = folder.assetcatalog; path = "Preview Assets.xcassets"; sourceTree = "<group>"; };
		B9A194802BD007C7003B4BDE /* Model.swift */ = {isa = PBXFileReference; lastKnownFileType = sourcecode.swift; path = Model.swift; sourceTree = "<group>"; };
		B9A194832BD01C50003B4BDE /* Extensions.swift */ = {isa = PBXFileReference; lastKnownFileType = sourcecode.swift; path = Extensions.swift; sourceTree = "<group>"; };
		B9A1948A2BD02131003B4BDE /* AppDetailView.swift */ = {isa = PBXFileReference; lastKnownFileType = sourcecode.swift; path = AppDetailView.swift; sourceTree = "<group>"; };
		B9C078482BD183CD0021B4A5 /* PhotoDetails.swift */ = {isa = PBXFileReference; lastKnownFileType = sourcecode.swift; path = PhotoDetails.swift; sourceTree = "<group>"; };
		B9C0784A2BD21E2C0021B4A5 /* ActivityIndicatioLoading.swift */ = {isa = PBXFileReference; lastKnownFileType = sourcecode.swift; path = ActivityIndicatioLoading.swift; sourceTree = "<group>"; };
		B9C0784C2BD39E280021B4A5 /* ReviewView.swift */ = {isa = PBXFileReference; lastKnownFileType = sourcecode.swift; path = ReviewView.swift; sourceTree = "<group>"; };
		B9C0784E2BD41D350021B4A5 /* ReviewResults.swift */ = {isa = PBXFileReference; lastKnownFileType = sourcecode.swift; path = ReviewResults.swift; sourceTree = "<group>"; };
/* End PBXFileReference section */

/* Begin PBXFrameworksBuildPhase section */
		B9A194692BCEBFC3003B4BDE /* Frameworks */ = {
			isa = PBXFrameworksBuildPhase;
			buildActionMask = 2147483647;
			files = (
			);
			runOnlyForDeploymentPostprocessing = 0;
		};
/* End PBXFrameworksBuildPhase section */

/* Begin PBXGroup section */
		B932270C2BDCB90E00916A53 /* Screens */ = {
			isa = PBXGroup;
			children = (
				B932270D2BDCB91500916A53 /* MainScreen */,
				B932270E2BDCB92100916A53 /* DetailScreen */,
				B932270F2BDCB92900916A53 /* Reviews */,
				B93227142BDCBA1400916A53 /* AppPhotoDetails */,
			);
			path = Screens;
			sourceTree = "<group>";
		};
		B932270D2BDCB91500916A53 /* MainScreen */ = {
			isa = PBXGroup;
			children = (
				B93227122BDCB9CB00916A53 /* AppStoreViewModel.swift */,
				B9A194712BCEBFC3003B4BDE /* AppStoreMainView.swift */,
			);
			path = MainScreen;
			sourceTree = "<group>";
		};
		B932270E2BDCB92100916A53 /* DetailScreen */ = {
			isa = PBXGroup;
			children = (
				B932270A2BDAB09100916A53 /* AppDetailViewModel.swift */,
				B9A1948A2BD02131003B4BDE /* AppDetailView.swift */,
			);
			path = DetailScreen;
			sourceTree = "<group>";
		};
		B932270F2BDCB92900916A53 /* Reviews */ = {
			isa = PBXGroup;
			children = (
				B9C0784C2BD39E280021B4A5 /* ReviewView.swift */,
				B93227102BDCB99D00916A53 /* ReviewViewModel.swift */,
			);
			path = Reviews;
			sourceTree = "<group>";
		};
		B93227142BDCBA1400916A53 /* AppPhotoDetails */ = {
			isa = PBXGroup;
			children = (
				B9C078482BD183CD0021B4A5 /* PhotoDetails.swift */,
			);
			path = AppPhotoDetails;
			sourceTree = "<group>";
		};
		B9A194632BCEBFC3003B4BDE = {
			isa = PBXGroup;
			children = (
				B9A1946E2BCEBFC3003B4BDE /* AppStoreMockInterview */,
				B9A1946D2BCEBFC3003B4BDE /* Products */,
			);
			sourceTree = "<group>";
		};
		B9A1946D2BCEBFC3003B4BDE /* Products */ = {
			isa = PBXGroup;
			children = (
				B9A1946C2BCEBFC3003B4BDE /* AppStoreMockApp.app */,
			);
			name = Products;
			sourceTree = "<group>";
		};
		B9A1946E2BCEBFC3003B4BDE /* AppStoreMockInterview */ = {
			isa = PBXGroup;
			children = (
				B932270C2BDCB90E00916A53 /* Screens */,
				B9A194852BD01C75003B4BDE /* Managers */,
				B9A194822BD01C3A003B4BDE /* Utilites */,
				B9A1947F2BD007A5003B4BDE /* Models */,
				B9A194752BCEBFC5003B4BDE /* Assets.xcassets */,
				B9A194772BCEBFC5003B4BDE /* Preview Content */,
				B9A1946F2BCEBFC3003B4BDE /* AppStoreMockInterviewApp.swift */,
			);
			path = AppStoreMockInterview;
			sourceTree = "<group>";
		};
		B9A194772BCEBFC5003B4BDE /* Preview Content */ = {
			isa = PBXGroup;
			children = (
				B9A194782BCEBFC5003B4BDE /* Preview Assets.xcassets */,
			);
			path = "Preview Content";
			sourceTree = "<group>";
		};
		B9A1947F2BD007A5003B4BDE /* Models */ = {
			isa = PBXGroup;
			children = (
				B9A194802BD007C7003B4BDE /* Model.swift */,
				B9C0784E2BD41D350021B4A5 /* ReviewResults.swift */,
			);
			path = Models;
			sourceTree = "<group>";
		};
		B9A194822BD01C3A003B4BDE /* Utilites */ = {
			isa = PBXGroup;
			children = (
				B9C0784A2BD21E2C0021B4A5 /* ActivityIndicatioLoading.swift */,
				B9A194832BD01C50003B4BDE /* Extensions.swift */,
			);
			path = Utilites;
			sourceTree = "<group>";
		};
		B9A194852BD01C75003B4BDE /* Managers */ = {
			isa = PBXGroup;
			children = (
				B93227082BDAB03500916A53 /* Managers.swift */,
			);
			path = Managers;
			sourceTree = "<group>";
		};
/* End PBXGroup section */

/* Begin PBXNativeTarget section */
		B9A1946B2BCEBFC3003B4BDE /* AppStoreMockApp */ = {
			isa = PBXNativeTarget;
			buildConfigurationList = B9A1947C2BCEBFC5003B4BDE /* Build configuration list for PBXNativeTarget "AppStoreMockApp" */;
			buildPhases = (
				B9A194682BCEBFC3003B4BDE /* Sources */,
				B9A194692BCEBFC3003B4BDE /* Frameworks */,
				B9A1946A2BCEBFC3003B4BDE /* Resources */,
			);
			buildRules = (
			);
			dependencies = (
			);
			name = AppStoreMockApp;
			productName = AppStoreMockInterview;
			productReference = B9A1946C2BCEBFC3003B4BDE /* AppStoreMockApp.app */;
			productType = "com.apple.product-type.application";
		};
/* End PBXNativeTarget section */

/* Begin PBXProject section */
		B9A194642BCEBFC3003B4BDE /* Project object */ = {
			isa = PBXProject;
			attributes = {
				BuildIndependentTargetsInParallel = 1;
				LastSwiftUpdateCheck = 1510;
				LastUpgradeCheck = 1510;
				TargetAttributes = {
					B9A1946B2BCEBFC3003B4BDE = {
						CreatedOnToolsVersion = 15.1;
					};
				};
			};
			buildConfigurationList = B9A194672BCEBFC3003B4BDE /* Build configuration list for PBXProject "AppStoreMockApp" */;
			compatibilityVersion = "Xcode 14.0";
			developmentRegion = en;
			hasScannedForEncodings = 0;
			knownRegions = (
				en,
				Base,
			);
			mainGroup = B9A194632BCEBFC3003B4BDE;
			productRefGroup = B9A1946D2BCEBFC3003B4BDE /* Products */;
			projectDirPath = "";
			projectRoot = "";
			targets = (
				B9A1946B2BCEBFC3003B4BDE /* AppStoreMockApp */,
			);
		};
/* End PBXProject section */

/* Begin PBXResourcesBuildPhase section */
		B9A1946A2BCEBFC3003B4BDE /* Resources */ = {
			isa = PBXResourcesBuildPhase;
			buildActionMask = 2147483647;
			files = (
				B9A194792BCEBFC5003B4BDE /* Preview Assets.xcassets in Resources */,
				B9A194762BCEBFC5003B4BDE /* Assets.xcassets in Resources */,
			);
			runOnlyForDeploymentPostprocessing = 0;
		};
/* End PBXResourcesBuildPhase section */

/* Begin PBXSourcesBuildPhase section */
		B9A194682BCEBFC3003B4BDE /* Sources */ = {
			isa = PBXSourcesBuildPhase;
			buildActionMask = 2147483647;
			files = (
				B9C0784D2BD39E280021B4A5 /* ReviewView.swift in Sources */,
				B9C0784B2BD21E2C0021B4A5 /* ActivityIndicatioLoading.swift in Sources */,
				B9A194812BD007C7003B4BDE /* Model.swift in Sources */,
				B9C078492BD183CD0021B4A5 /* PhotoDetails.swift in Sources */,
				B9A194722BCEBFC3003B4BDE /* AppStoreMainView.swift in Sources */,
				B93227092BDAB03500916A53 /* Managers.swift in Sources */,
				B932270B2BDAB09100916A53 /* AppDetailViewModel.swift in Sources */,
				B93227132BDCB9CB00916A53 /* AppStoreViewModel.swift in Sources */,
				B9C0784F2BD41D350021B4A5 /* ReviewResults.swift in Sources */,
				B9A1948B2BD02131003B4BDE /* AppDetailView.swift in Sources */,
				B9A194702BCEBFC3003B4BDE /* AppStoreMockInterviewApp.swift in Sources */,
				B93227112BDCB99D00916A53 /* ReviewViewModel.swift in Sources */,
				B9A194842BD01C50003B4BDE /* Extensions.swift in Sources */,
			);
			runOnlyForDeploymentPostprocessing = 0;
		};
/* End PBXSourcesBuildPhase section */

/* Begin XCBuildConfiguration section */
		B9A1947A2BCEBFC5003B4BDE /* Debug */ = {
			isa = XCBuildConfiguration;
			buildSettings = {
				ALWAYS_SEARCH_USER_PATHS = NO;
				ASSETCATALOG_COMPILER_GENERATE_SWIFT_ASSET_SYMBOL_EXTENSIONS = YES;
				CLANG_ANALYZER_NONNULL = YES;
				CLANG_ANALYZER_NUMBER_OBJECT_CONVERSION = YES_AGGRESSIVE;
				CLANG_CXX_LANGUAGE_STANDARD = "gnu++20";
				CLANG_ENABLE_MODULES = YES;
				CLANG_ENABLE_OBJC_ARC = YES;
				CLANG_ENABLE_OBJC_WEAK = YES;
				CLANG_WARN_BLOCK_CAPTURE_AUTORELEASING = YES;
				CLANG_WARN_BOOL_CONVERSION = YES;
				CLANG_WARN_COMMA = YES;
				CLANG_WARN_CONSTANT_CONVERSION = YES;
				CLANG_WARN_DEPRECATED_OBJC_IMPLEMENTATIONS = YES;
				CLANG_WARN_DIRECT_OBJC_ISA_USAGE = YES_ERROR;
				CLANG_WARN_DOCUMENTATION_COMMENTS = YES;
				CLANG_WARN_EMPTY_BODY = YES;
				CLANG_WARN_ENUM_CONVERSION = YES;
				CLANG_WARN_INFINITE_RECURSION = YES;
				CLANG_WARN_INT_CONVERSION = YES;
				CLANG_WARN_NON_LITERAL_NULL_CONVERSION = YES;
				CLANG_WARN_OBJC_IMPLICIT_RETAIN_SELF = YES;
				CLANG_WARN_OBJC_LITERAL_CONVERSION = YES;
				CLANG_WARN_OBJC_ROOT_CLASS = YES_ERROR;
				CLANG_WARN_QUOTED_INCLUDE_IN_FRAMEWORK_HEADER = YES;
				CLANG_WARN_RANGE_LOOP_ANALYSIS = YES;
				CLANG_WARN_STRICT_PROTOTYPES = YES;
				CLANG_WARN_SUSPICIOUS_MOVE = YES;
				CLANG_WARN_UNGUARDED_AVAILABILITY = YES_AGGRESSIVE;
				CLANG_WARN_UNREACHABLE_CODE = YES;
				CLANG_WARN__DUPLICATE_METHOD_MATCH = YES;
				COPY_PHASE_STRIP = NO;
				DEBUG_INFORMATION_FORMAT = dwarf;
				ENABLE_STRICT_OBJC_MSGSEND = YES;
				ENABLE_TESTABILITY = YES;
				ENABLE_USER_SCRIPT_SANDBOXING = YES;
				GCC_C_LANGUAGE_STANDARD = gnu17;
				GCC_DYNAMIC_NO_PIC = NO;
				GCC_NO_COMMON_BLOCKS = YES;
				GCC_OPTIMIZATION_LEVEL = 0;
				GCC_PREPROCESSOR_DEFINITIONS = (
					"DEBUG=1",
					"$(inherited)",
				);
				GCC_WARN_64_TO_32_BIT_CONVERSION = YES;
				GCC_WARN_ABOUT_RETURN_TYPE = YES_ERROR;
				GCC_WARN_UNDECLARED_SELECTOR = YES;
				GCC_WARN_UNINITIALIZED_AUTOS = YES_AGGRESSIVE;
				GCC_WARN_UNUSED_FUNCTION = YES;
				GCC_WARN_UNUSED_VARIABLE = YES;
				IPHONEOS_DEPLOYMENT_TARGET = 17.2;
				LOCALIZATION_PREFERS_STRING_CATALOGS = YES;
				MTL_ENABLE_DEBUG_INFO = INCLUDE_SOURCE;
				MTL_FAST_MATH = YES;
				ONLY_ACTIVE_ARCH = YES;
				SDKROOT = iphoneos;
				SWIFT_ACTIVE_COMPILATION_CONDITIONS = "DEBUG $(inherited)";
				SWIFT_OPTIMIZATION_LEVEL = "-Onone";
			};
			name = Debug;
		};
		B9A1947B2BCEBFC5003B4BDE /* Release */ = {
			isa = XCBuildConfiguration;
			buildSettings = {
				ALWAYS_SEARCH_USER_PATHS = NO;
				ASSETCATALOG_COMPILER_GENERATE_SWIFT_ASSET_SYMBOL_EXTENSIONS = YES;
				CLANG_ANALYZER_NONNULL = YES;
				CLANG_ANALYZER_NUMBER_OBJECT_CONVERSION = YES_AGGRESSIVE;
				CLANG_CXX_LANGUAGE_STANDARD = "gnu++20";
				CLANG_ENABLE_MODULES = YES;
				CLANG_ENABLE_OBJC_ARC = YES;
				CLANG_ENABLE_OBJC_WEAK = YES;
				CLANG_WARN_BLOCK_CAPTURE_AUTORELEASING = YES;
				CLANG_WARN_BOOL_CONVERSION = YES;
				CLANG_WARN_COMMA = YES;
				CLANG_WARN_CONSTANT_CONVERSION = YES;
				CLANG_WARN_DEPRECATED_OBJC_IMPLEMENTATIONS = YES;
				CLANG_WARN_DIRECT_OBJC_ISA_USAGE = YES_ERROR;
				CLANG_WARN_DOCUMENTATION_COMMENTS = YES;
				CLANG_WARN_EMPTY_BODY = YES;
				CLANG_WARN_ENUM_CONVERSION = YES;
				CLANG_WARN_INFINITE_RECURSION = YES;
				CLANG_WARN_INT_CONVERSION = YES;
				CLANG_WARN_NON_LITERAL_NULL_CONVERSION = YES;
				CLANG_WARN_OBJC_IMPLICIT_RETAIN_SELF = YES;
				CLANG_WARN_OBJC_LITERAL_CONVERSION = YES;
				CLANG_WARN_OBJC_ROOT_CLASS = YES_ERROR;
				CLANG_WARN_QUOTED_INCLUDE_IN_FRAMEWORK_HEADER = YES;
				CLANG_WARN_RANGE_LOOP_ANALYSIS = YES;
				CLANG_WARN_STRICT_PROTOTYPES = YES;
				CLANG_WARN_SUSPICIOUS_MOVE = YES;
				CLANG_WARN_UNGUARDED_AVAILABILITY = YES_AGGRESSIVE;
				CLANG_WARN_UNREACHABLE_CODE = YES;
				CLANG_WARN__DUPLICATE_METHOD_MATCH = YES;
				COPY_PHASE_STRIP = NO;
				DEBUG_INFORMATION_FORMAT = "dwarf-with-dsym";
				ENABLE_NS_ASSERTIONS = NO;
				ENABLE_STRICT_OBJC_MSGSEND = YES;
				ENABLE_USER_SCRIPT_SANDBOXING = YES;
				GCC_C_LANGUAGE_STANDARD = gnu17;
				GCC_NO_COMMON_BLOCKS = YES;
				GCC_WARN_64_TO_32_BIT_CONVERSION = YES;
				GCC_WARN_ABOUT_RETURN_TYPE = YES_ERROR;
				GCC_WARN_UNDECLARED_SELECTOR = YES;
				GCC_WARN_UNINITIALIZED_AUTOS = YES_AGGRESSIVE;
				GCC_WARN_UNUSED_FUNCTION = YES;
				GCC_WARN_UNUSED_VARIABLE = YES;
				IPHONEOS_DEPLOYMENT_TARGET = 17.2;
				LOCALIZATION_PREFERS_STRING_CATALOGS = YES;
				MTL_ENABLE_DEBUG_INFO = NO;
				MTL_FAST_MATH = YES;
				SDKROOT = iphoneos;
				SWIFT_COMPILATION_MODE = wholemodule;
				VALIDATE_PRODUCT = YES;
			};
			name = Release;
		};
		B9A1947D2BCEBFC5003B4BDE /* Debug */ = {
			isa = XCBuildConfiguration;
			buildSettings = {
				ASSETCATALOG_COMPILER_APPICON_NAME = AppIcon;
				ASSETCATALOG_COMPILER_GLOBAL_ACCENT_COLOR_NAME = AccentColor;
				CODE_SIGN_STYLE = Automatic;
				CURRENT_PROJECT_VERSION = 1;
				DEVELOPMENT_ASSET_PATHS = "\"AppStoreMockInterview/Preview Content\"";
				ENABLE_PREVIEWS = YES;
				GENERATE_INFOPLIST_FILE = YES;
				INFOPLIST_KEY_UIApplicationSceneManifest_Generation = YES;
				INFOPLIST_KEY_UIApplicationSupportsIndirectInputEvents = YES;
				INFOPLIST_KEY_UILaunchScreen_Generation = YES;
				INFOPLIST_KEY_UISupportedInterfaceOrientations_iPad = "UIInterfaceOrientationPortrait UIInterfaceOrientationPortraitUpsideDown UIInterfaceOrientationLandscapeLeft UIInterfaceOrientationLandscapeRight";
				INFOPLIST_KEY_UISupportedInterfaceOrientations_iPhone = "UIInterfaceOrientationPortrait UIInterfaceOrientationLandscapeLeft UIInterfaceOrientationLandscapeRight";
				LD_RUNPATH_SEARCH_PATHS = (
					"$(inherited)",
					"@executable_path/Frameworks",
				);
				MARKETING_VERSION = 1.0;
				PRODUCT_BUNDLE_IDENTIFIER = myAppHere.AppStoreMockInterview;
				PRODUCT_NAME = "$(TARGET_NAME)";
				SWIFT_EMIT_LOC_STRINGS = YES;
				SWIFT_VERSION = 5.0;
				TARGETED_DEVICE_FAMILY = "1,2";
			};
			name = Debug;
		};
		B9A1947E2BCEBFC5003B4BDE /* Release */ = {
			isa = XCBuildConfiguration;
			buildSettings = {
				ASSETCATALOG_COMPILER_APPICON_NAME = AppIcon;
				ASSETCATALOG_COMPILER_GLOBAL_ACCENT_COLOR_NAME = AccentColor;
				CODE_SIGN_STYLE = Automatic;
				CURRENT_PROJECT_VERSION = 1;
				DEVELOPMENT_ASSET_PATHS = "\"AppStoreMockInterview/Preview Content\"";
				ENABLE_PREVIEWS = YES;
				GENERATE_INFOPLIST_FILE = YES;
				INFOPLIST_KEY_UIApplicationSceneManifest_Generation = YES;
				INFOPLIST_KEY_UIApplicationSupportsIndirectInputEvents = YES;
				INFOPLIST_KEY_UILaunchScreen_Generation = YES;
				INFOPLIST_KEY_UISupportedInterfaceOrientations_iPad = "UIInterfaceOrientationPortrait UIInterfaceOrientationPortraitUpsideDown UIInterfaceOrientationLandscapeLeft UIInterfaceOrientationLandscapeRight";
				INFOPLIST_KEY_UISupportedInterfaceOrientations_iPhone = "UIInterfaceOrientationPortrait UIInterfaceOrientationLandscapeLeft UIInterfaceOrientationLandscapeRight";
				LD_RUNPATH_SEARCH_PATHS = (
					"$(inherited)",
					"@executable_path/Frameworks",
				);
				MARKETING_VERSION = 1.0;
				PRODUCT_BUNDLE_IDENTIFIER = myAppHere.AppStoreMockInterview;
				PRODUCT_NAME = "$(TARGET_NAME)";
				SWIFT_EMIT_LOC_STRINGS = YES;
				SWIFT_VERSION = 5.0;
				TARGETED_DEVICE_FAMILY = "1,2";
			};
			name = Release;
		};
/* End XCBuildConfiguration section */

/* Begin XCConfigurationList section */
		B9A194672BCEBFC3003B4BDE /* Build configuration list for PBXProject "AppStoreMockApp" */ = {
			isa = XCConfigurationList;
			buildConfigurations = (
				B9A1947A2BCEBFC5003B4BDE /* Debug */,
				B9A1947B2BCEBFC5003B4BDE /* Release */,
			);
			defaultConfigurationIsVisible = 0;
			defaultConfigurationName = Release;
		};
		B9A1947C2BCEBFC5003B4BDE /* Build configuration list for PBXNativeTarget "AppStoreMockApp" */ = {
			isa = XCConfigurationList;
			buildConfigurations = (
				B9A1947D2BCEBFC5003B4BDE /* Debug */,
				B9A1947E2BCEBFC5003B4BDE /* Release */,
			);
			defaultConfigurationIsVisible = 0;
			defaultConfigurationName = Release;
		};
/* End XCConfigurationList section */
	};
	rootObject = B9A194642BCEBFC3003B4BDE /* Project object */;
}
